
Microsoft Visual Studio Solution File, Format Version 12.00
# Visual Studio Version 16
VisualStudioVersion = 16.0.28803.156
MinimumVisualStudioVersion = 10.0.40219.1
Project("{2150E333-8FDC-42A3-9474-1A3956D46DE8}") = "src", "src", "{66A73EAA-84CC-4337-B935-DEB6DCAF28B7}"
EndProject
Project("{9A19103F-16F7-4668-BE54-9A1E7A4F7556}") = "Indice.Psd2.Cryptography", "src\Indice.Psd2.Cryptography\Indice.Psd2.Cryptography.csproj", "{352918EA-3375-4EBF-B256-FF109D7AF753}"
EndProject
Project("{2150E333-8FDC-42A3-9474-1A3956D46DE8}") = "Solution Items", "Solution Items", "{AFE13530-7E23-4420-9ADD-15FF2663B6A5}"
	ProjectSection(SolutionItems) = preProject
		.editorconfig = .editorconfig
		README.md = README.md
	EndProjectSection
EndProject
Project("{9A19103F-16F7-4668-BE54-9A1E7A4F7556}") = "Indice.Psd2.Cryptography.Tests", "test\Indice.Psd2.Cryptography.Tests\Indice.Psd2.Cryptography.Tests.csproj", "{66B31386-719D-469A-9886-12EF68013F62}"
EndProject
Project("{2150E333-8FDC-42A3-9474-1A3956D46DE8}") = "test", "test", "{FEF9802E-74D6-4EB4-940C-82860B709F09}"
EndProject
Project("{9A19103F-16F7-4668-BE54-9A1E7A4F7556}") = "Indice.Psd2.IdentityServer4", "src\Indice.Psd2.IdentityServer4\Indice.Psd2.IdentityServer4.csproj", "{B72932D7-243E-4CA6-8E72-6552C7AA2CD9}"
EndProject
Project("{2150E333-8FDC-42A3-9474-1A3956D46DE8}") = "samples", "samples", "{E8B4E767-D199-48DA-B25C-3DBA2C71E7ED}"
EndProject
Project("{9A19103F-16F7-4668-BE54-9A1E7A4F7556}") = "Indice.Oba.Host", "samples\Indice.Oba.Host\Indice.Oba.Host.csproj", "{98A27625-30A6-491B-B7AA-8C838C1FCA8A}"
EndProject
Project("{9A19103F-16F7-4668-BE54-9A1E7A4F7556}") = "Indice.Oba.AspNetCore", "src\Indice.Oba.AspNetCore\Indice.Oba.AspNetCore.csproj", "{94219E55-F9F3-47A9-99BA-878198C75854}"
EndProject
Global
	GlobalSection(SolutionConfigurationPlatforms) = preSolution
		Debug|Any CPU = Debug|Any CPU
		Release|Any CPU = Release|Any CPU
	EndGlobalSection
	GlobalSection(ProjectConfigurationPlatforms) = postSolution
		{352918EA-3375-4EBF-B256-FF109D7AF753}.Debug|Any CPU.ActiveCfg = Debug|Any CPU
		{352918EA-3375-4EBF-B256-FF109D7AF753}.Debug|Any CPU.Build.0 = Debug|Any CPU
		{352918EA-3375-4EBF-B256-FF109D7AF753}.Release|Any CPU.ActiveCfg = Release|Any CPU
		{352918EA-3375-4EBF-B256-FF109D7AF753}.Release|Any CPU.Build.0 = Release|Any CPU
		{66B31386-719D-469A-9886-12EF68013F62}.Debug|Any CPU.ActiveCfg = Debug|Any CPU
		{66B31386-719D-469A-9886-12EF68013F62}.Debug|Any CPU.Build.0 = Debug|Any CPU
		{66B31386-719D-469A-9886-12EF68013F62}.Release|Any CPU.ActiveCfg = Release|Any CPU
		{66B31386-719D-469A-9886-12EF68013F62}.Release|Any CPU.Build.0 = Release|Any CPU
		{B72932D7-243E-4CA6-8E72-6552C7AA2CD9}.Debug|Any CPU.ActiveCfg = Debug|Any CPU
		{B72932D7-243E-4CA6-8E72-6552C7AA2CD9}.Debug|Any CPU.Build.0 = Debug|Any CPU
		{B72932D7-243E-4CA6-8E72-6552C7AA2CD9}.Release|Any CPU.ActiveCfg = Release|Any CPU
		{B72932D7-243E-4CA6-8E72-6552C7AA2CD9}.Release|Any CPU.Build.0 = Release|Any CPU
		{98A27625-30A6-491B-B7AA-8C838C1FCA8A}.Debug|Any CPU.ActiveCfg = Debug|Any CPU
		{98A27625-30A6-491B-B7AA-8C838C1FCA8A}.Debug|Any CPU.Build.0 = Debug|Any CPU
		{98A27625-30A6-491B-B7AA-8C838C1FCA8A}.Release|Any CPU.ActiveCfg = Release|Any CPU
		{98A27625-30A6-491B-B7AA-8C838C1FCA8A}.Release|Any CPU.Build.0 = Release|Any CPU
		{94219E55-F9F3-47A9-99BA-878198C75854}.Debug|Any CPU.ActiveCfg = Debug|Any CPU
		{94219E55-F9F3-47A9-99BA-878198C75854}.Debug|Any CPU.Build.0 = Debug|Any CPU
		{94219E55-F9F3-47A9-99BA-878198C75854}.Release|Any CPU.ActiveCfg = Release|Any CPU
		{94219E55-F9F3-47A9-99BA-878198C75854}.Release|Any CPU.Build.0 = Release|Any CPU
	EndGlobalSection
	GlobalSection(SolutionProperties) = preSolution
		HideSolutionNode = FALSE
	EndGlobalSection
	GlobalSection(NestedProjects) = preSolution
		{352918EA-3375-4EBF-B256-FF109D7AF753} = {66A73EAA-84CC-4337-B935-DEB6DCAF28B7}
		{66B31386-719D-469A-9886-12EF68013F62} = {FEF9802E-74D6-4EB4-940C-82860B709F09}
		{B72932D7-243E-4CA6-8E72-6552C7AA2CD9} = {66A73EAA-84CC-4337-B935-DEB6DCAF28B7}
		{98A27625-30A6-491B-B7AA-8C838C1FCA8A} = {E8B4E767-D199-48DA-B25C-3DBA2C71E7ED}
		{94219E55-F9F3-47A9-99BA-878198C75854} = {66A73EAA-84CC-4337-B935-DEB6DCAF28B7}
	EndGlobalSection
	GlobalSection(ExtensibilityGlobals) = postSolution
		SolutionGuid = {820CCF0D-E462-4B30-9694-1124EDF7632C}
	EndGlobalSection
EndGlobal
